
Microsoft Visual Studio Solution File, Format Version 12.00
# Visual Studio Version 17
VisualStudioVersion = 17.14.36408.4
MinimumVisualStudioVersion = 10.0.40219.1
Project("{8BC9CEB8-8B4A-11D0-8D11-00A0C91BC942}") = "DoomLegacy", "DoomLegacy.vcxproj", "{5921AFAF-8A56-4E9A-A053-CB446B3B6A20}"
	ProjectSection(ProjectDependencies) = postProject
		{CEB93045-ACD3-471D-A137-5EB88708EBBB} = {CEB93045-ACD3-471D-A137-5EB88708EBBB}
	EndProjectSection
EndProject
Project("{2150E333-8FDC-42A3-9474-1A3956D46DE8}") = "libs", "libs", "{02EA681E-C7D8-13C7-8484-4AC65E1B71E8}"
EndProject
Project("{8BC9CEB8-8B4A-11D0-8D11-00A0C91BC942}") = "ymfmidi", "..\ymfmidi\ymfmidi.vcxproj", "{CEB93045-ACD3-471D-A137-5EB88708EBBB}"
EndProject
Global
	GlobalSection(SolutionConfigurationPlatforms) = preSolution
		Debug|x64 = Debug|x64
		Debug|x86 = Debug|x86
		Release|x64 = Release|x64
		Release|x86 = Release|x86
	EndGlobalSection
	GlobalSection(ProjectConfigurationPlatforms) = postSolution
		{5921AFAF-8A56-4E9A-A053-CB446B3B6A20}.Debug|x64.ActiveCfg = Debug|x64
		{5921AFAF-8A56-4E9A-A053-CB446B3B6A20}.Debug|x64.Build.0 = Debug|x64
		{5921AFAF-8A56-4E9A-A053-CB446B3B6A20}.Debug|x86.ActiveCfg = Debug|Win32
		{5921AFAF-8A56-4E9A-A053-CB446B3B6A20}.Debug|x86.Build.0 = Debug|Win32
		{5921AFAF-8A56-4E9A-A053-CB446B3B6A20}.Release|x64.ActiveCfg = Release|x64
		{5921AFAF-8A56-4E9A-A053-CB446B3B6A20}.Release|x64.Build.0 = Release|x64
		{5921AFAF-8A56-4E9A-A053-CB446B3B6A20}.Release|x86.ActiveCfg = Release|Win32
		{5921AFAF-8A56-4E9A-A053-CB446B3B6A20}.Release|x86.Build.0 = Release|Win32
		{CEB93045-ACD3-471D-A137-5EB88708EBBB}.Debug|x64.ActiveCfg = Debug|x64
		{CEB93045-ACD3-471D-A137-5EB88708EBBB}.Debug|x64.Build.0 = Debug|x64
		{CEB93045-ACD3-471D-A137-5EB88708EBBB}.Debug|x86.ActiveCfg = Debug|Win32
		{CEB93045-ACD3-471D-A137-5EB88708EBBB}.Debug|x86.Build.0 = Debug|Win32
		{CEB93045-ACD3-471D-A137-5EB88708EBBB}.Release|x64.ActiveCfg = Release|x64
		{CEB93045-ACD3-471D-A137-5EB88708EBBB}.Release|x64.Build.0 = Release|x64
		{CEB93045-ACD3-471D-A137-5EB88708EBBB}.Release|x86.ActiveCfg = Release|Win32
		{CEB93045-ACD3-471D-A137-5EB88708EBBB}.Release|x86.Build.0 = Release|Win32
	EndGlobalSection
	GlobalSection(SolutionProperties) = preSolution
		HideSolutionNode = FALSE
	EndGlobalSection
	GlobalSection(NestedProjects) = preSolution
		{CEB93045-ACD3-471D-A137-5EB88708EBBB} = {02EA681E-C7D8-13C7-8484-4AC65E1B71E8}
	EndGlobalSection
	GlobalSection(ExtensibilityGlobals) = postSolution
		SolutionGuid = {52B0397A-667B-4ACA-AF43-EA9A83B5C007}
	EndGlobalSection
EndGlobal
